
Microsoft Visual Studio Solution File, Format Version 12.00
# Visual Studio Version 17
VisualStudioVersion = 17.13.35919.96 d17.13
MinimumVisualStudioVersion = 10.0.40219.1
Project("{FAE04EC0-301F-11D3-BF4B-00C04F79EFBC}") = "Rest.Api", "Rest.Api\Rest.Api.csproj", "{BF8BBF5E-CC5E-4F38-B97B-6582DBC8CE28}"
EndProject
Project("{FAE04EC0-301F-11D3-BF4B-00C04F79EFBC}") = "Mongo.Service", "Mongo.Service\Mongo.Service.csproj", "{58CEA769-DB26-40F7-B1EB-304EF868443E}"
EndProject
Global
	GlobalSection(SolutionConfigurationPlatforms) = preSolution
		Debug|Any CPU = Debug|Any CPU
		Release|Any CPU = Release|Any CPU
	EndGlobalSection
	GlobalSection(ProjectConfigurationPlatforms) = postSolution
		{BF8BBF5E-CC5E-4F38-B97B-6582DBC8CE28}.Debug|Any CPU.ActiveCfg = Debug|Any CPU
		{BF8BBF5E-CC5E-4F38-B97B-6582DBC8CE28}.Debug|Any CPU.Build.0 = Debug|Any CPU
		{BF8BBF5E-CC5E-4F38-B97B-6582DBC8CE28}.Release|Any CPU.ActiveCfg = Release|Any CPU
		{BF8BBF5E-CC5E-4F38-B97B-6582DBC8CE28}.Release|Any CPU.Build.0 = Release|Any CPU
		{58CEA769-DB26-40F7-B1EB-304EF868443E}.Debug|Any CPU.ActiveCfg = Debug|Any CPU
		{58CEA769-DB26-40F7-B1EB-304EF868443E}.Debug|Any CPU.Build.0 = Debug|Any CPU
		{58CEA769-DB26-40F7-B1EB-304EF868443E}.Release|Any CPU.ActiveCfg = Release|Any CPU
		{58CEA769-DB26-40F7-B1EB-304EF868443E}.Release|Any CPU.Build.0 = Release|Any CPU
	EndGlobalSection
	GlobalSection(SolutionProperties) = preSolution
		HideSolutionNode = FALSE
	EndGlobalSection
	GlobalSection(ExtensibilityGlobals) = postSolution
		SolutionGuid = {77E53158-D1C5-4754-832D-1140B3947A13}
	EndGlobalSection
EndGlobal
